
Microsoft Visual Studio Solution File, Format Version 12.00
# Visual Studio 15
VisualStudioVersion = 15.0.26730.16
MinimumVisualStudioVersion = 10.0.40219.1
Project("{FAE04EC0-301F-11D3-BF4B-00C04F79EFBC}") = "Dolphin2.0", "Dolphin2.0\Dolphin2.0.csproj", "{5282A441-0A2F-40F1-AE47-8F9726D9AEE5}"
EndProject
Project("{FAE04EC0-301F-11D3-BF4B-00C04F79EFBC}") = "BLL", "BLL\BLL.csproj", "{1AC8E0E0-BA4A-43F3-94EB-FC167270F300}"
EndProject
Project("{FAE04EC0-301F-11D3-BF4B-00C04F79EFBC}") = "DAL", "DAL\DAL.csproj", "{8D0603F7-EE81-4E37-A391-D65EC7A4501F}"
EndProject
Global
	GlobalSection(SolutionConfigurationPlatforms) = preSolution
		Debug|Any CPU = Debug|Any CPU
		Release|Any CPU = Release|Any CPU
	EndGlobalSection
	GlobalSection(ProjectConfigurationPlatforms) = postSolution
		{5282A441-0A2F-40F1-AE47-8F9726D9AEE5}.Debug|Any CPU.ActiveCfg = Debug|Any CPU
		{5282A441-0A2F-40F1-AE47-8F9726D9AEE5}.Debug|Any CPU.Build.0 = Debug|Any CPU
		{5282A441-0A2F-40F1-AE47-8F9726D9AEE5}.Release|Any CPU.ActiveCfg = Release|Any CPU
		{5282A441-0A2F-40F1-AE47-8F9726D9AEE5}.Release|Any CPU.Build.0 = Release|Any CPU
		{1AC8E0E0-BA4A-43F3-94EB-FC167270F300}.Debug|Any CPU.ActiveCfg = Debug|Any CPU
		{1AC8E0E0-BA4A-43F3-94EB-FC167270F300}.Debug|Any CPU.Build.0 = Debug|Any CPU
		{1AC8E0E0-BA4A-43F3-94EB-FC167270F300}.Release|Any CPU.ActiveCfg = Release|Any CPU
		{1AC8E0E0-BA4A-43F3-94EB-FC167270F300}.Release|Any CPU.Build.0 = Release|Any CPU
		{8D0603F7-EE81-4E37-A391-D65EC7A4501F}.Debug|Any CPU.ActiveCfg = Debug|Any CPU
		{8D0603F7-EE81-4E37-A391-D65EC7A4501F}.Debug|Any CPU.Build.0 = Debug|Any CPU
		{8D0603F7-EE81-4E37-A391-D65EC7A4501F}.Release|Any CPU.ActiveCfg = Release|Any CPU
		{8D0603F7-EE81-4E37-A391-D65EC7A4501F}.Release|Any CPU.Build.0 = Release|Any CPU
	EndGlobalSection
	GlobalSection(SolutionProperties) = preSolution
		HideSolutionNode = FALSE
	EndGlobalSection
	GlobalSection(ExtensibilityGlobals) = postSolution
		SolutionGuid = {B31F9589-C53E-4978-9D1A-2161CED50400}
	EndGlobalSection
EndGlobal
